
Microsoft Visual Studio Solution File, Format Version 12.00
# Visual Studio Version 16
VisualStudioVersion = 16.0.30804.86
MinimumVisualStudioVersion = 10.0.40219.1
Project("{FAE04EC0-301F-11D3-BF4B-00C04F79EFBC}") = "EndlasNet", "EndlasNet\EndlasNet.csproj", "{62E82E83-8A3A-486B-8575-CFDA23E5C61F}"
EndProject
Project("{FAE04EC0-301F-11D3-BF4B-00C04F79EFBC}") = "EndlasNet.Web", "EndlasNet.Web\EndlasNet.Web.csproj", "{96830954-3ED6-47EA-9CE6-6D1EB90C1CAA}"
EndProject
Project("{FAE04EC0-301F-11D3-BF4B-00C04F79EFBC}") = "EndlasNet.Data", "EndlasNet.Data\EndlasNet.Data.csproj", "{45712A6F-E517-4A20-85AC-9DE235B76690}"
EndProject
Global
	GlobalSection(SolutionConfigurationPlatforms) = preSolution
		Debug|Any CPU = Debug|Any CPU
		Release|Any CPU = Release|Any CPU
	EndGlobalSection
	GlobalSection(ProjectConfigurationPlatforms) = postSolution
		{62E82E83-8A3A-486B-8575-CFDA23E5C61F}.Debug|Any CPU.ActiveCfg = Debug|Any CPU
		{62E82E83-8A3A-486B-8575-CFDA23E5C61F}.Debug|Any CPU.Build.0 = Debug|Any CPU
		{62E82E83-8A3A-486B-8575-CFDA23E5C61F}.Release|Any CPU.ActiveCfg = Release|Any CPU
		{62E82E83-8A3A-486B-8575-CFDA23E5C61F}.Release|Any CPU.Build.0 = Release|Any CPU
		{96830954-3ED6-47EA-9CE6-6D1EB90C1CAA}.Debug|Any CPU.ActiveCfg = Debug|Any CPU
		{96830954-3ED6-47EA-9CE6-6D1EB90C1CAA}.Debug|Any CPU.Build.0 = Debug|Any CPU
		{96830954-3ED6-47EA-9CE6-6D1EB90C1CAA}.Release|Any CPU.ActiveCfg = Release|Any CPU
		{96830954-3ED6-47EA-9CE6-6D1EB90C1CAA}.Release|Any CPU.Build.0 = Release|Any CPU
		{45712A6F-E517-4A20-85AC-9DE235B76690}.Debug|Any CPU.ActiveCfg = Debug|Any CPU
		{45712A6F-E517-4A20-85AC-9DE235B76690}.Debug|Any CPU.Build.0 = Debug|Any CPU
		{45712A6F-E517-4A20-85AC-9DE235B76690}.Release|Any CPU.ActiveCfg = Release|Any CPU
		{45712A6F-E517-4A20-85AC-9DE235B76690}.Release|Any CPU.Build.0 = Release|Any CPU
	EndGlobalSection
	GlobalSection(SolutionProperties) = preSolution
		HideSolutionNode = FALSE
	EndGlobalSection
	GlobalSection(ExtensibilityGlobals) = postSolution
		SolutionGuid = {76219686-A1C8-4F54-BD8D-B191EAC791B0}
	EndGlobalSection
EndGlobal
